<?xml version="1.0" encoding="utf-8"?>
<Project ToolsVersion="4.0" xmlns="http://schemas.microsoft.com/developer/msbuild/2003">
  <ItemGroup>
    <ClCompile Include="UnrealModLoader.cpp" />
    <ClCompile Include="Utilities\Utility.cpp" />
    <ClCompile Include="Utilities\Logger.cpp" />
    <ClCompile Include="Memory\VariableGrabber.cpp" />
    <ClCompile Include="Memory\FunctionGrabber.cpp" />
    <ClCompile Include="Memory\Memory.cpp" />
    <ClCompile Include="ModLoader\ModLoader.cpp" />
    <ClCompile Include="UE4\UObject\Object.cpp" />
    <ClCompile Include="UE4\UObject\Class.cpp" />
    <ClCompile Include="UE4\UObject\UnrealType.cpp" />
    <ClCompile Include="UE4\Engine\World.cpp" />
    <ClCompile Include="Memory\EngineDefFinder.cpp" />
    <ClCompile Include="UE4\GameFramework\Actor.cpp" />
    <ClCompile Include="UE4\UMG\Components\Widget.cpp" />
    <ClCompile Include="UE4\UMG\Components\PanelWidget.cpp" />
  </ItemGroup>
  <ItemGroup>
    <ClInclude Include="UnrealModLoader.h" />
    <ClInclude Include="GameInfo.h" />
    <ClInclude Include="Utilities\Utility.h" />
    <ClInclude Include="Utilities\Logger.h" />
    <ClInclude Include="INI\INI.h" />
    <ClInclude Include="Memory\VariableGrabber.h" />
    <ClInclude Include="Memory\FunctionGrabber.h" />
    <ClInclude Include="Memory\Memory.h" />
    <ClInclude Include="Utilities\MinHook.h" />
    <ClInclude Include="ModLoader\ModLoader.h" />
    <ClInclude Include="MinHook\include\MinHook.h" />
    <ClInclude Include="UE4\Ue4.hpp" />
    <ClInclude Include="UE4\UObject\NamePool.h" />
    <ClInclude Include="UE4\UObject\NameEntryArray.h" />
    <ClInclude Include="UE4\UObject\NameType.h" />
    <ClInclude Include="UE4\Containers\Array.h" />
    <ClInclude Include="UE4\Containers\UnrealString.h" />
    <ClInclude Include="UE4\UObject\UObjectArray.h" />
    <ClInclude Include="UE4\UObject\Object.h" />
    <ClInclude Include="UE4\UObject\Class.h" />
    <ClInclude Include="UE4\UObject\UnrealType.h" />
    <ClInclude Include="UE4\Engine\World.h" />
    <ClInclude Include="UE4\UObject\CoreTypes.h" />
    <ClInclude Include="UE4\Math\Vector.h" />
    <ClInclude Include="UE4\Math\Vector4.h" />
    <ClInclude Include="UE4\Math\Quat.h" />
    <ClInclude Include="UE4\Math\Rotator.h" />
    <ClInclude Include="UE4\Math\Color.h" />
    <ClInclude Include="UE4\Math\Box.h" />
    <ClInclude Include="UE4\Math\Box2D.h" />
    <ClInclude Include="UE4\Math\Vector2D.h" />
    <ClInclude Include="UE4\Math\OrientedBox.h" />
    <ClInclude Include="UE4\Math\Plane.h" />
    <ClInclude Include="UE4\Math\TransformNonVectorized.h" />
    <ClInclude Include="Memory\EngineDefFinder.h" />
    <ClInclude Include="UE4\GameFramework\Actor.h" />
    <ClInclude Include="UE4\Containers\EnumAsByte.h" />
    <ClInclude Include="UE4\Engine\EngineBaseTypes.h" />
    <ClInclude Include="UE4\UMG\Components\Visual.h" />
    <ClInclude Include="UE4\UMG\Components\Widget.h" />
    <ClInclude Include="UE4\UMG\UMGBaseTypes.h" />
    <ClInclude Include="UE4\SlateCore\Styling\SlateTypes.h" />
    <ClInclude Include="UE4\Internationalization\Text.h" />
    <ClInclude Include="UE4\UMG\Slate\WidgetTransform.h" />
    <ClInclude Include="UE4\UMG\Components\PanelWidget.h" />
    <ClInclude Include="UE4\UMG\Components\PanelSlot.h" />
  </ItemGroup>
</Project>